// !$*UTF8*$!
{
	archiveVersion = 1;
	classes = {
	};
	objectVersion = 46;
	objects = {

/* Begin PBXBuildFile section */
		53F0C9932063710F0075E171 /* main.m in Sources */ = {isa = PBXBuildFile; fileRef = 53F0C9922063710F0075E171 /* main.m */; };
		53F0C9962063710F0075E171 /* AppDelegate.m in Sources */ = {isa = PBXBuildFile; fileRef = 53F0C9952063710F0075E171 /* AppDelegate.m */; };
		53F0C9992063710F0075E171 /* ViewController.m in Sources */ = {isa = PBXBuildFile; fileRef = 53F0C9982063710F0075E171 /* ViewController.m */; };
		53F0C99C2063710F0075E171 /* Main.storyboard in Resources */ = {isa = PBXBuildFile; fileRef = 53F0C99A2063710F0075E171 /* Main.storyboard */; };
		53F0C99E2063710F0075E171 /* Assets.xcassets in Resources */ = {isa = PBXBuildFile; fileRef = 53F0C99D2063710F0075E171 /* Assets.xcassets */; };
		53F0C9A12063710F0075E171 /* LaunchScreen.storyboard in Resources */ = {isa = PBXBuildFile; fileRef = 53F0C99F2063710F0075E171 /* LaunchScreen.storyboard */; };
/* End PBXBuildFile section */

/* Begin PBXFileReference section */
		53F0C98E2063710E0075E171 /* IOSDay13_AnimationApp.app */ = {isa = PBXFileReference; explicitFileType = wrapper.application; includeInIndex = 0; path = IOSDay13_AnimationApp.app; sourceTree = BUILT_PRODUCTS_DIR; };
		53F0C9922063710F0075E171 /* main.m */ = {isa = PBXFileReference; lastKnownFileType = sourcecode.c.objc; path = main.m; sourceTree = "<group>"; };
		53F0C9942063710F0075E171 /* AppDelegate.h */ = {isa = PBXFileReference; lastKnownFileType = sourcecode.c.h; path = AppDelegate.h; sourceTree = "<group>"; };
		53F0C9952063710F0075E171 /* AppDelegate.m */ = {isa = PBXFileReference; lastKnownFileType = sourcecode.c.objc; path = AppDelegate.m; sourceTree = "<group>"; };
		53F0C9972063710F0075E171 /* ViewController.h */ = {isa = PBXFileReference; lastKnownFileType = sourcecode.c.h; path = ViewController.h; sourceTree = "<group>"; };
		53F0C9982063710F0075E171 /* ViewController.m */ = {isa = PBXFileReference; lastKnownFileType = sourcecode.c.objc; path = ViewController.m; sourceTree = "<group>"; };
		53F0C99B2063710F0075E171 /* Base */ = {isa = PBXFileReference; lastKnownFileType = file.storyboard; name = Base; path = Base.lproj/Main.storyboard; sourceTree = "<group>"; };
		53F0C99D2063710F0075E171 /* Assets.xcassets */ = {isa = PBXFileReference; lastKnownFileType = folder.assetcatalog; path = Assets.xcassets; sourceTree = "<group>"; };
		53F0C9A02063710F0075E171 /* Base */ = {isa = PBXFileReference; lastKnownFileType = file.storyboard; name = Base; path = Base.lproj/LaunchScreen.storyboard; sourceTree = "<group>"; };
		53F0C9A22063710F0075E171 /* Info.plist */ = {isa = PBXFileReference; lastKnownFileType = text.plist.xml; path = Info.plist; sourceTree = "<group>"; };
/* End PBXFileReference section */

/* Begin PBXFrameworksBuildPhase section */
		53F0C98B2063710E0075E171 /* Frameworks */ = {
			isa = PBXFrameworksBuildPhase;
			buildActionMask = 2147483647;
			files = (
			);
			runOnlyForDeploymentPostprocessing = 0;
		};
/* End PBXFrameworksBuildPhase section */

/* Begin PBXGroup section */
		53F0C9852063710E0075E171 = {
			isa = PBXGroup;
			children = (
				53F0C9902063710E0075E171 /* IOSDay13_AnimationApp */,
				53F0C98F2063710E0075E171 /* Products */,
			);
			sourceTree = "<group>";
		};
		53F0C98F2063710E0075E171 /* Products */ = {
			isa = PBXGroup;
			children = (
				53F0C98E2063710E0075E171 /* IOSDay13_AnimationApp.app */,
			);
			name = Products;
			sourceTree = "<group>";
		};
		53F0C9902063710E0075E171 /* IOSDay13_AnimationApp */ = {
			isa = PBXGroup;
			children = (
				53F0C9942063710F0075E171 /* AppDelegate.h */,
				53F0C9952063710F0075E171 /* AppDelegate.m */,
				53F0C9972063710F0075E171 /* ViewController.h */,
				53F0C9982063710F0075E171 /* ViewController.m */,
				53F0C99A2063710F0075E171 /* Main.storyboard */,
				53F0C99D2063710F0075E171 /* Assets.xcassets */,
				53F0C99F2063710F0075E171 /* LaunchScreen.storyboard */,
				53F0C9A22063710F0075E171 /* Info.plist */,
				53F0C9912063710F0075E171 /* Supporting Files */,
			);
			path = IOSDay13_AnimationApp;
			sourceTree = "<group>";
		};
		53F0C9912063710F0075E171 /* Supporting Files */ = {
			isa = PBXGroup;
			children = (
				53F0C9922063710F0075E171 /* main.m */,
			);
			name = "Supporting Files";
			sourceTree = "<group>";
		};
/* End PBXGroup section */

/* Begin PBXNativeTarget section */
		53F0C98D2063710E0075E171 /* IOSDay13_AnimationApp */ = {
			isa = PBXNativeTarget;
			buildConfigurationList = 53F0C9A52063710F0075E171 /* Build configuration list for PBXNativeTarget "IOSDay13_AnimationApp" */;
			buildPhases = (
				53F0C98A2063710E0075E171 /* Sources */,
				53F0C98B2063710E0075E171 /* Frameworks */,
				53F0C98C2063710E0075E171 /* Resources */,
			);
			buildRules = (
			);
			dependencies = (
			);
			name = IOSDay13_AnimationApp;
			productName = IOSDay13_AnimationApp;
			productReference = 53F0C98E2063710E0075E171 /* IOSDay13_AnimationApp.app */;
			productType = "com.apple.product-type.application";
		};
/* End PBXNativeTarget section */

/* Begin PBXProject section */
		53F0C9862063710E0075E171 /* Project object */ = {
			isa = PBXProject;
			attributes = {
				LastUpgradeCheck = 0730;
				ORGANIZATIONNAME = "Student P_10";
				TargetAttributes = {
					53F0C98D2063710E0075E171 = {
						CreatedOnToolsVersion = 7.3.1;
					};
				};
			};
			buildConfigurationList = 53F0C9892063710E0075E171 /* Build configuration list for PBXProject "IOSDay13_AnimationApp" */;
			compatibilityVersion = "Xcode 3.2";
			developmentRegion = English;
			hasScannedForEncodings = 0;
			knownRegions = (
				en,
				Base,
			);
			mainGroup = 53F0C9852063710E0075E171;
			productRefGroup = 53F0C98F2063710E0075E171 /* Products */;
			projectDirPath = "";
			projectRoot = "";
			targets = (
				53F0C98D2063710E0075E171 /* IOSDay13_AnimationApp */,
			);
		};
/* End PBXProject section */

/* Begin PBXResourcesBuildPhase section */
		53F0C98C2063710E0075E171 /* Resources */ = {
			isa = PBXResourcesBuildPhase;
			buildActionMask = 2147483647;
			files = (
				53F0C9A12063710F0075E171 /* LaunchScreen.storyboard in Resources */,
				53F0C99E2063710F0075E171 /* Assets.xcassets in Resources */,
				53F0C99C2063710F0075E171 /* Main.storyboard in Resources */,
			);
			runOnlyForDeploymentPostprocessing = 0;
		};
/* End PBXResourcesBuildPhase section */

/* Begin PBXSourcesBuildPhase section */
		53F0C98A2063710E0075E171 /* Sources */ = {
			isa = PBXSourcesBuildPhase;
			buildActionMask = 2147483647;
			files = (
				53F0C9992063710F0075E171 /* ViewController.m in Sources */,
				53F0C9962063710F0075E171 /* AppDelegate.m in Sources */,
				53F0C9932063710F0075E171 /* main.m in Sources */,
			);
			runOnlyForDeploymentPostprocessing = 0;
		};
/* End PBXSourcesBuildPhase section */

/* Begin PBXVariantGroup section */
		53F0C99A2063710F0075E171 /* Main.storyboard */ = {
			isa = PBXVariantGroup;
			children = (
				53F0C99B2063710F0075E171 /* Base */,
			);
			name = Main.storyboard;
			sourceTree = "<group>";
		};
		53F0C99F2063710F0075E171 /* LaunchScreen.storyboard */ = {
			isa = PBXVariantGroup;
			children = (
				53F0C9A02063710F0075E171 /* Base */,
			);
			name = LaunchScreen.storyboard;
			sourceTree = "<group>";
		};
/* End PBXVariantGroup section */

/* Begin XCBuildConfiguration section */
		53F0C9A32063710F0075E171 /* Debug */ = {
			isa = XCBuildConfiguration;
			buildSettings = {
				ALWAYS_SEARCH_USER_PATHS = NO;
				CLANG_ANALYZER_NONNULL = YES;
				CLANG_CXX_LANGUAGE_STANDARD = "gnu++0x";
				CLANG_CXX_LIBRARY = "libc++";
				CLANG_ENABLE_MODULES = YES;
				CLANG_ENABLE_OBJC_ARC = YES;
				CLANG_WARN_BOOL_CONVERSION = YES;
				CLANG_WARN_CONSTANT_CONVERSION = YES;
				CLANG_WARN_DIRECT_OBJC_ISA_USAGE = YES_ERROR;
				CLANG_WARN_EMPTY_BODY = YES;
				CLANG_WARN_ENUM_CONVERSION = YES;
				CLANG_WARN_INT_CONVERSION = YES;
				CLANG_WARN_OBJC_ROOT_CLASS = YES_ERROR;
				CLANG_WARN_UNREACHABLE_CODE = YES;
				CLANG_WARN__DUPLICATE_METHOD_MATCH = YES;
				"CODE_SIGN_IDENTITY[sdk=iphoneos*]" = "iPhone Developer";
				COPY_PHASE_STRIP = NO;
				DEBUG_INFORMATION_FORMAT = dwarf;
				ENABLE_STRICT_OBJC_MSGSEND = YES;
				ENABLE_TESTABILITY = YES;
				GCC_C_LANGUAGE_STANDARD = gnu99;
				GCC_DYNAMIC_NO_PIC = NO;
				GCC_NO_COMMON_BLOCKS = YES;
				GCC_OPTIMIZATION_LEVEL = 0;
				GCC_PREPROCESSOR_DEFINITIONS = (
					"DEBUG=1",
					"$(inherited)",
				);
				GCC_WARN_64_TO_32_BIT_CONVERSION = YES;
				GCC_WARN_ABOUT_RETURN_TYPE = YES_ERROR;
				GCC_WARN_UNDECLARED_SELECTOR = YES;
				GCC_WARN_UNINITIALIZED_AUTOS = YES_AGGRESSIVE;
				GCC_WARN_UNUSED_FUNCTION = YES;
				GCC_WARN_UNUSED_VARIABLE = YES;
				IPHONEOS_DEPLOYMENT_TARGET = 9.3;
				MTL_ENABLE_DEBUG_INFO = YES;
				ONLY_ACTIVE_ARCH = YES;
				SDKROOT = iphoneos;
			};
			name = Debug;
		};
		53F0C9A42063710F0075E171 /* Release */ = {
			isa = XCBuildConfiguration;
			buildSettings = {
				ALWAYS_SEARCH_USER_PATHS = NO;
				CLANG_ANALYZER_NONNULL = YES;
				CLANG_CXX_LANGUAGE_STANDARD = "gnu++0x";
				CLANG_CXX_LIBRARY = "libc++";
				CLANG_ENABLE_MODULES = YES;
				CLANG_ENABLE_OBJC_ARC = YES;
				CLANG_WARN_BOOL_CONVERSION = YES;
				CLANG_WARN_CONSTANT_CONVERSION = YES;
				CLANG_WARN_DIRECT_OBJC_ISA_USAGE = YES_ERROR;
				CLANG_WARN_EMPTY_BODY = YES;
				CLANG_WARN_ENUM_CONVERSION = YES;
				CLANG_WARN_INT_CONVERSION = YES;
				CLANG_WARN_OBJC_ROOT_CLASS = YES_ERROR;
				CLANG_WARN_UNREACHABLE_CODE = YES;
				CLANG_WARN__DUPLICATE_METHOD_MATCH = YES;
				"CODE_SIGN_IDENTITY[sdk=iphoneos*]" = "iPhone Developer";
				COPY_PHASE_STRIP = NO;
				DEBUG_INFORMATION_FORMAT = "dwarf-with-dsym";
				ENABLE_NS_ASSERTIONS = NO;
				ENABLE_STRICT_OBJC_MSGSEND = YES;
				GCC_C_LANGUAGE_STANDARD = gnu99;
				GCC_NO_COMMON_BLOCKS = YES;
				GCC_WARN_64_TO_32_BIT_CONVERSION = YES;
				GCC_WARN_ABOUT_RETURN_TYPE = YES_ERROR;
				GCC_WARN_UNDECLARED_SELECTOR = YES;
				GCC_WARN_UNINITIALIZED_AUTOS = YES_AGGRESSIVE;
				GCC_WARN_UNUSED_FUNCTION = YES;
				GCC_WARN_UNUSED_VARIABLE = YES;
				IPHONEOS_DEPLOYMENT_TARGET = 9.3;
				MTL_ENABLE_DEBUG_INFO = NO;
				SDKROOT = iphoneos;
				VALIDATE_PRODUCT = YES;
			};
			name = Release;
		};
		53F0C9A62063710F0075E171 /* Debug */ = {
			isa = XCBuildConfiguration;
			buildSettings = {
				ASSETCATALOG_COMPILER_APPICON_NAME = AppIcon;
				INFOPLIST_FILE = IOSDay13_AnimationApp/Info.plist;
				LD_RUNPATH_SEARCH_PATHS = "$(inherited) @executable_path/Frameworks";
				PRODUCT_BUNDLE_IDENTIFIER = "NSObprashant.IOSDay13-AnimationApp";
				PRODUCT_NAME = "$(TARGET_NAME)";
			};
			name = Debug;
		};
		53F0C9A72063710F0075E171 /* Release */ = {
			isa = XCBuildConfiguration;
			buildSettings = {
				ASSETCATALOG_COMPILER_APPICON_NAME = AppIcon;
				INFOPLIST_FILE = IOSDay13_AnimationApp/Info.plist;
				LD_RUNPATH_SEARCH_PATHS = "$(inherited) @executable_path/Frameworks";
				PRODUCT_BUNDLE_IDENTIFIER = "NSObprashant.IOSDay13-AnimationApp";
				PRODUCT_NAME = "$(TARGET_NAME)";
			};
			name = Release;
		};
/* End XCBuildConfiguration section */

/* Begin XCConfigurationList section */
		53F0C9892063710E0075E171 /* Build configuration list for PBXProject "IOSDay13_AnimationApp" */ = {
			isa = XCConfigurationList;
			buildConfigurations = (
				53F0C9A32063710F0075E171 /* Debug */,
				53F0C9A42063710F0075E171 /* Release */,
			);
			defaultConfigurationIsVisible = 0;
			defaultConfigurationName = Release;
		};
		53F0C9A52063710F0075E171 /* Build configuration list for PBXNativeTarget "IOSDay13_AnimationApp" */ = {
			isa = XCConfigurationList;
			buildConfigurations = (
				53F0C9A62063710F0075E171 /* Debug */,
				53F0C9A72063710F0075E171 /* Release */,
			);
			defaultConfigurationIsVisible = 0;
		};
/* End XCConfigurationList section */
	};
	rootObject = 53F0C9862063710E0075E171 /* Project object */;
}
